// !$*UTF8*$!
{
	archiveVersion = 1;
	classes = {
	};
	objectVersion = 55;
	objects = {

/* Begin PBXBuildFile section */
		3A0D6DB927F617CE0060DA41 /* salesTaxApp.swift in Sources */ = {isa = PBXBuildFile; fileRef = 3A0D6DB827F617CE0060DA41 /* salesTaxApp.swift */; };
		3A0D6DBB27F617CE0060DA41 /* ContentView.swift in Sources */ = {isa = PBXBuildFile; fileRef = 3A0D6DBA27F617CE0060DA41 /* ContentView.swift */; };
		3A0D6DBD27F617CF0060DA41 /* Assets.xcassets in Resources */ = {isa = PBXBuildFile; fileRef = 3A0D6DBC27F617CF0060DA41 /* Assets.xcassets */; };
		3A0D6DC027F617CF0060DA41 /* Preview Assets.xcassets in Resources */ = {isa = PBXBuildFile; fileRef = 3A0D6DBF27F617CF0060DA41 /* Preview Assets.xcassets */; };
		3A0D6DCA27F617CF0060DA41 /* salesTaxTests.swift in Sources */ = {isa = PBXBuildFile; fileRef = 3A0D6DC927F617CF0060DA41 /* salesTaxTests.swift */; };
		3A0D6DD427F617CF0060DA41 /* salesTaxUITests.swift in Sources */ = {isa = PBXBuildFile; fileRef = 3A0D6DD327F617CF0060DA41 /* salesTaxUITests.swift */; };
		3A0D6DD627F617CF0060DA41 /* salesTaxUITestsLaunchTests.swift in Sources */ = {isa = PBXBuildFile; fileRef = 3A0D6DD527F617CF0060DA41 /* salesTaxUITestsLaunchTests.swift */; };
/* End PBXBuildFile section */

/* Begin PBXContainerItemProxy section */
		3A0D6DC627F617CF0060DA41 /* PBXContainerItemProxy */ = {
			isa = PBXContainerItemProxy;
			containerPortal = 3A0D6DAD27F617CE0060DA41 /* Project object */;
			proxyType = 1;
			remoteGlobalIDString = 3A0D6DB427F617CE0060DA41;
			remoteInfo = salesTax;
		};
		3A0D6DD027F617CF0060DA41 /* PBXContainerItemProxy */ = {
			isa = PBXContainerItemProxy;
			containerPortal = 3A0D6DAD27F617CE0060DA41 /* Project object */;
			proxyType = 1;
			remoteGlobalIDString = 3A0D6DB427F617CE0060DA41;
			remoteInfo = salesTax;
		};
/* End PBXContainerItemProxy section */

/* Begin PBXFileReference section */
		3A0D6DB527F617CE0060DA41 /* salesTax.app */ = {isa = PBXFileReference; explicitFileType = wrapper.application; includeInIndex = 0; path = salesTax.app; sourceTree = BUILT_PRODUCTS_DIR; };
		3A0D6DB827F617CE0060DA41 /* salesTaxApp.swift */ = {isa = PBXFileReference; lastKnownFileType = sourcecode.swift; path = salesTaxApp.swift; sourceTree = "<group>"; };
		3A0D6DBA27F617CE0060DA41 /* ContentView.swift */ = {isa = PBXFileReference; lastKnownFileType = sourcecode.swift; path = ContentView.swift; sourceTree = "<group>"; };
		3A0D6DBC27F617CF0060DA41 /* Assets.xcassets */ = {isa = PBXFileReference; lastKnownFileType = folder.assetcatalog; path = Assets.xcassets; sourceTree = "<group>"; };
		3A0D6DBF27F617CF0060DA41 /* Preview Assets.xcassets */ = {isa = PBXFileReference; lastKnownFileType = folder.assetcatalog; path = "Preview Assets.xcassets"; sourceTree = "<group>"; };
		3A0D6DC527F617CF0060DA41 /* salesTaxTests.xctest */ = {isa = PBXFileReference; explicitFileType = wrapper.cfbundle; includeInIndex = 0; path = salesTaxTests.xctest; sourceTree = BUILT_PRODUCTS_DIR; };
		3A0D6DC927F617CF0060DA41 /* salesTaxTests.swift */ = {isa = PBXFileReference; lastKnownFileType = sourcecode.swift; path = salesTaxTests.swift; sourceTree = "<group>"; };
		3A0D6DCF27F617CF0060DA41 /* salesTaxUITests.xctest */ = {isa = PBXFileReference; explicitFileType = wrapper.cfbundle; includeInIndex = 0; path = salesTaxUITests.xctest; sourceTree = BUILT_PRODUCTS_DIR; };
		3A0D6DD327F617CF0060DA41 /* salesTaxUITests.swift */ = {isa = PBXFileReference; lastKnownFileType = sourcecode.swift; path = salesTaxUITests.swift; sourceTree = "<group>"; };
		3A0D6DD527F617CF0060DA41 /* salesTaxUITestsLaunchTests.swift */ = {isa = PBXFileReference; lastKnownFileType = sourcecode.swift; path = salesTaxUITestsLaunchTests.swift; sourceTree = "<group>"; };
/* End PBXFileReference section */

/* Begin PBXFrameworksBuildPhase section */
		3A0D6DB227F617CE0060DA41 /* Frameworks */ = {
			isa = PBXFrameworksBuildPhase;
			buildActionMask = 2147483647;
			files = (
			);
			runOnlyForDeploymentPostprocessing = 0;
		};
		3A0D6DC227F617CF0060DA41 /* Frameworks */ = {
			isa = PBXFrameworksBuildPhase;
			buildActionMask = 2147483647;
			files = (
			);
			runOnlyForDeploymentPostprocessing = 0;
		};
		3A0D6DCC27F617CF0060DA41 /* Frameworks */ = {
			isa = PBXFrameworksBuildPhase;
			buildActionMask = 2147483647;
			files = (
			);
			runOnlyForDeploymentPostprocessing = 0;
		};
/* End PBXFrameworksBuildPhase section */

/* Begin PBXGroup section */
		3A0D6DAC27F617CE0060DA41 = {
			isa = PBXGroup;
			children = (
				3A0D6DB727F617CE0060DA41 /* salesTax */,
				3A0D6DC827F617CF0060DA41 /* salesTaxTests */,
				3A0D6DD227F617CF0060DA41 /* salesTaxUITests */,
				3A0D6DB627F617CE0060DA41 /* Products */,
			);
			sourceTree = "<group>";
		};
		3A0D6DB627F617CE0060DA41 /* Products */ = {
			isa = PBXGroup;
			children = (
				3A0D6DB527F617CE0060DA41 /* salesTax.app */,
				3A0D6DC527F617CF0060DA41 /* salesTaxTests.xctest */,
				3A0D6DCF27F617CF0060DA41 /* salesTaxUITests.xctest */,
			);
			name = Products;
			sourceTree = "<group>";
		};
		3A0D6DB727F617CE0060DA41 /* salesTax */ = {
			isa = PBXGroup;
			children = (
				3A0D6DB827F617CE0060DA41 /* salesTaxApp.swift */,
				3A0D6DBA27F617CE0060DA41 /* ContentView.swift */,
				3A0D6DBC27F617CF0060DA41 /* Assets.xcassets */,
				3A0D6DBE27F617CF0060DA41 /* Preview Content */,
			);
			path = salesTax;
			sourceTree = "<group>";
		};
		3A0D6DBE27F617CF0060DA41 /* Preview Content */ = {
			isa = PBXGroup;
			children = (
				3A0D6DBF27F617CF0060DA41 /* Preview Assets.xcassets */,
			);
			path = "Preview Content";
			sourceTree = "<group>";
		};
		3A0D6DC827F617CF0060DA41 /* salesTaxTests */ = {
			isa = PBXGroup;
			children = (
				3A0D6DC927F617CF0060DA41 /* salesTaxTests.swift */,
			);
			path = salesTaxTests;
			sourceTree = "<group>";
		};
		3A0D6DD227F617CF0060DA41 /* salesTaxUITests */ = {
			isa = PBXGroup;
			children = (
				3A0D6DD327F617CF0060DA41 /* salesTaxUITests.swift */,
				3A0D6DD527F617CF0060DA41 /* salesTaxUITestsLaunchTests.swift */,
			);
			path = salesTaxUITests;
			sourceTree = "<group>";
		};
/* End PBXGroup section */

/* Begin PBXNativeTarget section */
		3A0D6DB427F617CE0060DA41 /* salesTax */ = {
			isa = PBXNativeTarget;
			buildConfigurationList = 3A0D6DD927F617CF0060DA41 /* Build configuration list for PBXNativeTarget "salesTax" */;
			buildPhases = (
				3A0D6DB127F617CE0060DA41 /* Sources */,
				3A0D6DB227F617CE0060DA41 /* Frameworks */,
				3A0D6DB327F617CE0060DA41 /* Resources */,
			);
			buildRules = (
			);
			dependencies = (
			);
			name = salesTax;
			productName = salesTax;
			productReference = 3A0D6DB527F617CE0060DA41 /* salesTax.app */;
			productType = "com.apple.product-type.application";
		};
		3A0D6DC427F617CF0060DA41 /* salesTaxTests */ = {
			isa = PBXNativeTarget;
			buildConfigurationList = 3A0D6DDC27F617CF0060DA41 /* Build configuration list for PBXNativeTarget "salesTaxTests" */;
			buildPhases = (
				3A0D6DC127F617CF0060DA41 /* Sources */,
				3A0D6DC227F617CF0060DA41 /* Frameworks */,
				3A0D6DC327F617CF0060DA41 /* Resources */,
			);
			buildRules = (
			);
			dependencies = (
				3A0D6DC727F617CF0060DA41 /* PBXTargetDependency */,
			);
			name = salesTaxTests;
			productName = salesTaxTests;
			productReference = 3A0D6DC527F617CF0060DA41 /* salesTaxTests.xctest */;
			productType = "com.apple.product-type.bundle.unit-test";
		};
		3A0D6DCE27F617CF0060DA41 /* salesTaxUITests */ = {
			isa = PBXNativeTarget;
			buildConfigurationList = 3A0D6DDF27F617CF0060DA41 /* Build configuration list for PBXNativeTarget "salesTaxUITests" */;
			buildPhases = (
				3A0D6DCB27F617CF0060DA41 /* Sources */,
				3A0D6DCC27F617CF0060DA41 /* Frameworks */,
				3A0D6DCD27F617CF0060DA41 /* Resources */,
			);
			buildRules = (
			);
			dependencies = (
				3A0D6DD127F617CF0060DA41 /* PBXTargetDependency */,
			);
			name = salesTaxUITests;
			productName = salesTaxUITests;
			productReference = 3A0D6DCF27F617CF0060DA41 /* salesTaxUITests.xctest */;
			productType = "com.apple.product-type.bundle.ui-testing";
		};
/* End PBXNativeTarget section */

/* Begin PBXProject section */
		3A0D6DAD27F617CE0060DA41 /* Project object */ = {
			isa = PBXProject;
			attributes = {
				BuildIndependentTargetsInParallel = 1;
				LastSwiftUpdateCheck = 1330;
				LastUpgradeCheck = 1330;
				TargetAttributes = {
					3A0D6DB427F617CE0060DA41 = {
						CreatedOnToolsVersion = 13.3;
					};
					3A0D6DC427F617CF0060DA41 = {
						CreatedOnToolsVersion = 13.3;
						TestTargetID = 3A0D6DB427F617CE0060DA41;
					};
					3A0D6DCE27F617CF0060DA41 = {
						CreatedOnToolsVersion = 13.3;
						TestTargetID = 3A0D6DB427F617CE0060DA41;
					};
				};
			};
			buildConfigurationList = 3A0D6DB027F617CE0060DA41 /* Build configuration list for PBXProject "salesTax" */;
			compatibilityVersion = "Xcode 13.0";
			developmentRegion = en;
			hasScannedForEncodings = 0;
			knownRegions = (
				en,
				Base,
			);
			mainGroup = 3A0D6DAC27F617CE0060DA41;
			productRefGroup = 3A0D6DB627F617CE0060DA41 /* Products */;
			projectDirPath = "";
			projectRoot = "";
			targets = (
				3A0D6DB427F617CE0060DA41 /* salesTax */,
				3A0D6DC427F617CF0060DA41 /* salesTaxTests */,
				3A0D6DCE27F617CF0060DA41 /* salesTaxUITests */,
			);
		};
/* End PBXProject section */

/* Begin PBXResourcesBuildPhase section */
		3A0D6DB327F617CE0060DA41 /* Resources */ = {
			isa = PBXResourcesBuildPhase;
			buildActionMask = 2147483647;
			files = (
				3A0D6DC027F617CF0060DA41 /* Preview Assets.xcassets in Resources */,
				3A0D6DBD27F617CF0060DA41 /* Assets.xcassets in Resources */,
			);
			runOnlyForDeploymentPostprocessing = 0;
		};
		3A0D6DC327F617CF0060DA41 /* Resources */ = {
			isa = PBXResourcesBuildPhase;
			buildActionMask = 2147483647;
			files = (
			);
			runOnlyForDeploymentPostprocessing = 0;
		};
		3A0D6DCD27F617CF0060DA41 /* Resources */ = {
			isa = PBXResourcesBuildPhase;
			buildActionMask = 2147483647;
			files = (
			);
			runOnlyForDeploymentPostprocessing = 0;
		};
/* End PBXResourcesBuildPhase section */

/* Begin PBXSourcesBuildPhase section */
		3A0D6DB127F617CE0060DA41 /* Sources */ = {
			isa = PBXSourcesBuildPhase;
			buildActionMask = 2147483647;
			files = (
				3A0D6DBB27F617CE0060DA41 /* ContentView.swift in Sources */,
				3A0D6DB927F617CE0060DA41 /* salesTaxApp.swift in Sources */,
			);
			runOnlyForDeploymentPostprocessing = 0;
		};
		3A0D6DC127F617CF0060DA41 /* Sources */ = {
			isa = PBXSourcesBuildPhase;
			buildActionMask = 2147483647;
			files = (
				3A0D6DCA27F617CF0060DA41 /* salesTaxTests.swift in Sources */,
			);
			runOnlyForDeploymentPostprocessing = 0;
		};
		3A0D6DCB27F617CF0060DA41 /* Sources */ = {
			isa = PBXSourcesBuildPhase;
			buildActionMask = 2147483647;
			files = (
				3A0D6DD627F617CF0060DA41 /* salesTaxUITestsLaunchTests.swift in Sources */,
				3A0D6DD427F617CF0060DA41 /* salesTaxUITests.swift in Sources */,
			);
			runOnlyForDeploymentPostprocessing = 0;
		};
/* End PBXSourcesBuildPhase section */

/* Begin PBXTargetDependency section */
		3A0D6DC727F617CF0060DA41 /* PBXTargetDependency */ = {
			isa = PBXTargetDependency;
			target = 3A0D6DB427F617CE0060DA41 /* salesTax */;
			targetProxy = 3A0D6DC627F617CF0060DA41 /* PBXContainerItemProxy */;
		};
		3A0D6DD127F617CF0060DA41 /* PBXTargetDependency */ = {
			isa = PBXTargetDependency;
			target = 3A0D6DB427F617CE0060DA41 /* salesTax */;
			targetProxy = 3A0D6DD027F617CF0060DA41 /* PBXContainerItemProxy */;
		};
/* End PBXTargetDependency section */

/* Begin XCBuildConfiguration section */
		3A0D6DD727F617CF0060DA41 /* Debug */ = {
			isa = XCBuildConfiguration;
			buildSettings = {
				ALWAYS_SEARCH_USER_PATHS = NO;
				CLANG_ANALYZER_NONNULL = YES;
				CLANG_ANALYZER_NUMBER_OBJECT_CONVERSION = YES_AGGRESSIVE;
				CLANG_CXX_LANGUAGE_STANDARD = "gnu++17";
				CLANG_ENABLE_MODULES = YES;
				CLANG_ENABLE_OBJC_ARC = YES;
				CLANG_ENABLE_OBJC_WEAK = YES;
				CLANG_WARN_BLOCK_CAPTURE_AUTORELEASING = YES;
				CLANG_WARN_BOOL_CONVERSION = YES;
				CLANG_WARN_COMMA = YES;
				CLANG_WARN_CONSTANT_CONVERSION = YES;
				CLANG_WARN_DEPRECATED_OBJC_IMPLEMENTATIONS = YES;
				CLANG_WARN_DIRECT_OBJC_ISA_USAGE = YES_ERROR;
				CLANG_WARN_DOCUMENTATION_COMMENTS = YES;
				CLANG_WARN_EMPTY_BODY = YES;
				CLANG_WARN_ENUM_CONVERSION = YES;
				CLANG_WARN_INFINITE_RECURSION = YES;
				CLANG_WARN_INT_CONVERSION = YES;
				CLANG_WARN_NON_LITERAL_NULL_CONVERSION = YES;
				CLANG_WARN_OBJC_IMPLICIT_RETAIN_SELF = YES;
				CLANG_WARN_OBJC_LITERAL_CONVERSION = YES;
				CLANG_WARN_OBJC_ROOT_CLASS = YES_ERROR;
				CLANG_WARN_QUOTED_INCLUDE_IN_FRAMEWORK_HEADER = YES;
				CLANG_WARN_RANGE_LOOP_ANALYSIS = YES;
				CLANG_WARN_STRICT_PROTOTYPES = YES;
				CLANG_WARN_SUSPICIOUS_MOVE = YES;
				CLANG_WARN_UNGUARDED_AVAILABILITY = YES_AGGRESSIVE;
				CLANG_WARN_UNREACHABLE_CODE = YES;
				CLANG_WARN__DUPLICATE_METHOD_MATCH = YES;
				COPY_PHASE_STRIP = NO;
				DEBUG_INFORMATION_FORMAT = dwarf;
				ENABLE_STRICT_OBJC_MSGSEND = YES;
				ENABLE_TESTABILITY = YES;
				GCC_C_LANGUAGE_STANDARD = gnu11;
				GCC_DYNAMIC_NO_PIC = NO;
				GCC_NO_COMMON_BLOCKS = YES;
				GCC_OPTIMIZATION_LEVEL = 0;
				GCC_PREPROCESSOR_DEFINITIONS = (
					"DEBUG=1",
					"$(inherited)",
				);
				GCC_WARN_64_TO_32_BIT_CONVERSION = YES;
				GCC_WARN_ABOUT_RETURN_TYPE = YES_ERROR;
				GCC_WARN_UNDECLARED_SELECTOR = YES;
				GCC_WARN_UNINITIALIZED_AUTOS = YES_AGGRESSIVE;
				GCC_WARN_UNUSED_FUNCTION = YES;
				GCC_WARN_UNUSED_VARIABLE = YES;
				IPHONEOS_DEPLOYMENT_TARGET = 15.4;
				MTL_ENABLE_DEBUG_INFO = INCLUDE_SOURCE;
				MTL_FAST_MATH = YES;
				ONLY_ACTIVE_ARCH = YES;
				SDKROOT = iphoneos;
				SWIFT_ACTIVE_COMPILATION_CONDITIONS = DEBUG;
				SWIFT_OPTIMIZATION_LEVEL = "-Onone";
			};
			name = Debug;
		};
		3A0D6DD827F617CF0060DA41 /* Release */ = {
			isa = XCBuildConfiguration;
			buildSettings = {
				ALWAYS_SEARCH_USER_PATHS = NO;
				CLANG_ANALYZER_NONNULL = YES;
				CLANG_ANALYZER_NUMBER_OBJECT_CONVERSION = YES_AGGRESSIVE;
				CLANG_CXX_LANGUAGE_STANDARD = "gnu++17";
				CLANG_ENABLE_MODULES = YES;
				CLANG_ENABLE_OBJC_ARC = YES;
				CLANG_ENABLE_OBJC_WEAK = YES;
				CLANG_WARN_BLOCK_CAPTURE_AUTORELEASING = YES;
				CLANG_WARN_BOOL_CONVERSION = YES;
				CLANG_WARN_COMMA = YES;
				CLANG_WARN_CONSTANT_CONVERSION = YES;
				CLANG_WARN_DEPRECATED_OBJC_IMPLEMENTATIONS = YES;
				CLANG_WARN_DIRECT_OBJC_ISA_USAGE = YES_ERROR;
				CLANG_WARN_DOCUMENTATION_COMMENTS = YES;
				CLANG_WARN_EMPTY_BODY = YES;
				CLANG_WARN_ENUM_CONVERSION = YES;
				CLANG_WARN_INFINITE_RECURSION = YES;
				CLANG_WARN_INT_CONVERSION = YES;
				CLANG_WARN_NON_LITERAL_NULL_CONVERSION = YES;
				CLANG_WARN_OBJC_IMPLICIT_RETAIN_SELF = YES;
				CLANG_WARN_OBJC_LITERAL_CONVERSION = YES;
				CLANG_WARN_OBJC_ROOT_CLASS = YES_ERROR;
				CLANG_WARN_QUOTED_INCLUDE_IN_FRAMEWORK_HEADER = YES;
				CLANG_WARN_RANGE_LOOP_ANALYSIS = YES;
				CLANG_WARN_STRICT_PROTOTYPES = YES;
				CLANG_WARN_SUSPICIOUS_MOVE = YES;
				CLANG_WARN_UNGUARDED_AVAILABILITY = YES_AGGRESSIVE;
				CLANG_WARN_UNREACHABLE_CODE = YES;
				CLANG_WARN__DUPLICATE_METHOD_MATCH = YES;
				COPY_PHASE_STRIP = NO;
				DEBUG_INFORMATION_FORMAT = "dwarf-with-dsym";
				ENABLE_NS_ASSERTIONS = NO;
				ENABLE_STRICT_OBJC_MSGSEND = YES;
				GCC_C_LANGUAGE_STANDARD = gnu11;
				GCC_NO_COMMON_BLOCKS = YES;
				GCC_WARN_64_TO_32_BIT_CONVERSION = YES;
				GCC_WARN_ABOUT_RETURN_TYPE = YES_ERROR;
				GCC_WARN_UNDECLARED_SELECTOR = YES;
				GCC_WARN_UNINITIALIZED_AUTOS = YES_AGGRESSIVE;
				GCC_WARN_UNUSED_FUNCTION = YES;
				GCC_WARN_UNUSED_VARIABLE = YES;
				IPHONEOS_DEPLOYMENT_TARGET = 15.4;
				MTL_ENABLE_DEBUG_INFO = NO;
				MTL_FAST_MATH = YES;
				SDKROOT = iphoneos;
				SWIFT_COMPILATION_MODE = wholemodule;
				SWIFT_OPTIMIZATION_LEVEL = "-O";
				VALIDATE_PRODUCT = YES;
			};
			name = Release;
		};
		3A0D6DDA27F617CF0060DA41 /* Debug */ = {
			isa = XCBuildConfiguration;
			buildSettings = {
				ASSETCATALOG_COMPILER_APPICON_NAME = AppIcon;
				ASSETCATALOG_COMPILER_GLOBAL_ACCENT_COLOR_NAME = AccentColor;
				CODE_SIGN_STYLE = Automatic;
				CURRENT_PROJECT_VERSION = 1;
				DEVELOPMENT_ASSET_PATHS = "\"salesTax/Preview Content\"";
				ENABLE_PREVIEWS = YES;
				GENERATE_INFOPLIST_FILE = YES;
				INFOPLIST_KEY_UIApplicationSceneManifest_Generation = YES;
				INFOPLIST_KEY_UIApplicationSupportsIndirectInputEvents = YES;
				INFOPLIST_KEY_UILaunchScreen_Generation = YES;
				INFOPLIST_KEY_UISupportedInterfaceOrientations_iPad = "UIInterfaceOrientationPortrait UIInterfaceOrientationPortraitUpsideDown UIInterfaceOrientationLandscapeLeft UIInterfaceOrientationLandscapeRight";
				INFOPLIST_KEY_UISupportedInterfaceOrientations_iPhone = "UIInterfaceOrientationPortrait UIInterfaceOrientationLandscapeLeft UIInterfaceOrientationLandscapeRight";
				LD_RUNPATH_SEARCH_PATHS = (
					"$(inherited)",
					"@executable_path/Frameworks",
				);
				MARKETING_VERSION = 1.0;
				PRODUCT_BUNDLE_IDENTIFIER = "HAROUR-SPACE.salesTax";
				PRODUCT_NAME = "$(TARGET_NAME)";
				SWIFT_EMIT_LOC_STRINGS = YES;
				SWIFT_VERSION = 5.0;
				TARGETED_DEVICE_FAMILY = "1,2";
			};
			name = Debug;
		};
		3A0D6DDB27F617CF0060DA41 /* Release */ = {
			isa = XCBuildConfiguration;
			buildSettings = {
				ASSETCATALOG_COMPILER_APPICON_NAME = AppIcon;
				ASSETCATALOG_COMPILER_GLOBAL_ACCENT_COLOR_NAME = AccentColor;
				CODE_SIGN_STYLE = Automatic;
				CURRENT_PROJECT_VERSION = 1;
				DEVELOPMENT_ASSET_PATHS = "\"salesTax/Preview Content\"";
				ENABLE_PREVIEWS = YES;
				GENERATE_INFOPLIST_FILE = YES;
				INFOPLIST_KEY_UIApplicationSceneManifest_Generation = YES;
				INFOPLIST_KEY_UIApplicationSupportsIndirectInputEvents = YES;
				INFOPLIST_KEY_UILaunchScreen_Generation = YES;
				INFOPLIST_KEY_UISupportedInterfaceOrientations_iPad = "UIInterfaceOrientationPortrait UIInterfaceOrientationPortraitUpsideDown UIInterfaceOrientationLandscapeLeft UIInterfaceOrientationLandscapeRight";
				INFOPLIST_KEY_UISupportedInterfaceOrientations_iPhone = "UIInterfaceOrientationPortrait UIInterfaceOrientationLandscapeLeft UIInterfaceOrientationLandscapeRight";
				LD_RUNPATH_SEARCH_PATHS = (
					"$(inherited)",
					"@executable_path/Frameworks",
				);
				MARKETING_VERSION = 1.0;
				PRODUCT_BUNDLE_IDENTIFIER = "HAROUR-SPACE.salesTax";
				PRODUCT_NAME = "$(TARGET_NAME)";
				SWIFT_EMIT_LOC_STRINGS = YES;
				SWIFT_VERSION = 5.0;
				TARGETED_DEVICE_FAMILY = "1,2";
			};
			name = Release;
		};
		3A0D6DDD27F617CF0060DA41 /* Debug */ = {
			isa = XCBuildConfiguration;
			buildSettings = {
				ALWAYS_EMBED_SWIFT_STANDARD_LIBRARIES = YES;
				BUNDLE_LOADER = "$(TEST_HOST)";
				CODE_SIGN_STYLE = Automatic;
				CURRENT_PROJECT_VERSION = 1;
				GENERATE_INFOPLIST_FILE = YES;
				IPHONEOS_DEPLOYMENT_TARGET = 15.4;
				MARKETING_VERSION = 1.0;
				PRODUCT_BUNDLE_IDENTIFIER = "HAROUR-SPACE.salesTaxTests";
				PRODUCT_NAME = "$(TARGET_NAME)";
				SWIFT_EMIT_LOC_STRINGS = NO;
				SWIFT_VERSION = 5.0;
				TARGETED_DEVICE_FAMILY = "1,2";
				TEST_HOST = "$(BUILT_PRODUCTS_DIR)/salesTax.app/salesTax";
			};
			name = Debug;
		};
		3A0D6DDE27F617CF0060DA41 /* Release */ = {
			isa = XCBuildConfiguration;
			buildSettings = {
				ALWAYS_EMBED_SWIFT_STANDARD_LIBRARIES = YES;
				BUNDLE_LOADER = "$(TEST_HOST)";
				CODE_SIGN_STYLE = Automatic;
				CURRENT_PROJECT_VERSION = 1;
				GENERATE_INFOPLIST_FILE = YES;
				IPHONEOS_DEPLOYMENT_TARGET = 15.4;
				MARKETING_VERSION = 1.0;
				PRODUCT_BUNDLE_IDENTIFIER = "HAROUR-SPACE.salesTaxTests";
				PRODUCT_NAME = "$(TARGET_NAME)";
				SWIFT_EMIT_LOC_STRINGS = NO;
				SWIFT_VERSION = 5.0;
				TARGETED_DEVICE_FAMILY = "1,2";
				TEST_HOST = "$(BUILT_PRODUCTS_DIR)/salesTax.app/salesTax";
			};
			name = Release;
		};
		3A0D6DE027F617CF0060DA41 /* Debug */ = {
			isa = XCBuildConfiguration;
			buildSettings = {
				ALWAYS_EMBED_SWIFT_STANDARD_LIBRARIES = YES;
				CODE_SIGN_STYLE = Automatic;
				CURRENT_PROJECT_VERSION = 1;
				GENERATE_INFOPLIST_FILE = YES;
				MARKETING_VERSION = 1.0;
				PRODUCT_BUNDLE_IDENTIFIER = "HAROUR-SPACE.salesTaxUITests";
				PRODUCT_NAME = "$(TARGET_NAME)";
				SWIFT_EMIT_LOC_STRINGS = NO;
				SWIFT_VERSION = 5.0;
				TARGETED_DEVICE_FAMILY = "1,2";
				TEST_TARGET_NAME = salesTax;
			};
			name = Debug;
		};
		3A0D6DE127F617CF0060DA41 /* Release */ = {
			isa = XCBuildConfiguration;
			buildSettings = {
				ALWAYS_EMBED_SWIFT_STANDARD_LIBRARIES = YES;
				CODE_SIGN_STYLE = Automatic;
				CURRENT_PROJECT_VERSION = 1;
				GENERATE_INFOPLIST_FILE = YES;
				MARKETING_VERSION = 1.0;
				PRODUCT_BUNDLE_IDENTIFIER = "HAROUR-SPACE.salesTaxUITests";
				PRODUCT_NAME = "$(TARGET_NAME)";
				SWIFT_EMIT_LOC_STRINGS = NO;
				SWIFT_VERSION = 5.0;
				TARGETED_DEVICE_FAMILY = "1,2";
				TEST_TARGET_NAME = salesTax;
			};
			name = Release;
		};
/* End XCBuildConfiguration section */

/* Begin XCConfigurationList section */
		3A0D6DB027F617CE0060DA41 /* Build configuration list for PBXProject "salesTax" */ = {
			isa = XCConfigurationList;
			buildConfigurations = (
				3A0D6DD727F617CF0060DA41 /* Debug */,
				3A0D6DD827F617CF0060DA41 /* Release */,
			);
			defaultConfigurationIsVisible = 0;
			defaultConfigurationName = Release;
		};
		3A0D6DD927F617CF0060DA41 /* Build configuration list for PBXNativeTarget "salesTax" */ = {
			isa = XCConfigurationList;
			buildConfigurations = (
				3A0D6DDA27F617CF0060DA41 /* Debug */,
				3A0D6DDB27F617CF0060DA41 /* Release */,
			);
			defaultConfigurationIsVisible = 0;
			defaultConfigurationName = Release;
		};
		3A0D6DDC27F617CF0060DA41 /* Build configuration list for PBXNativeTarget "salesTaxTests" */ = {
			isa = XCConfigurationList;
			buildConfigurations = (
				3A0D6DDD27F617CF0060DA41 /* Debug */,
				3A0D6DDE27F617CF0060DA41 /* Release */,
			);
			defaultConfigurationIsVisible = 0;
			defaultConfigurationName = Release;
		};
		3A0D6DDF27F617CF0060DA41 /* Build configuration list for PBXNativeTarget "salesTaxUITests" */ = {
			isa = XCConfigurationList;
			buildConfigurations = (
				3A0D6DE027F617CF0060DA41 /* Debug */,
				3A0D6DE127F617CF0060DA41 /* Release */,
			);
			defaultConfigurationIsVisible = 0;
			defaultConfigurationName = Release;
		};
/* End XCConfigurationList section */
	};
	rootObject = 3A0D6DAD27F617CE0060DA41 /* Project object */;
}
